// !$*UTF8*$!
{
	archiveVersion = 1;
	classes = {};
	objectVersion = 56;
	objects = {
		A00000000000000000000001 = {isa = PBXFileReference; lastKnownFileType = sourcecode.swift; path = SafeSetMacApp.swift; sourceTree = "<group>"; };
		A00000000000000000000002 = {isa = PBXBuildFile; fileRef = A00000000000000000000001; };
		A00000000000000000000011 = {isa = PBXFileReference; lastKnownFileType = sourcecode.swift; path = BackendBridge.swift; sourceTree = "<group>"; };
		A00000000000000000000012 = {isa = PBXBuildFile; fileRef = A00000000000000000000011; };
		A00000000000000000000013 = {isa = PBXFileReference; lastKnownFileType = sourcecode.swift; path = AppModel.swift; sourceTree = "<group>"; };
		A00000000000000000000014 = {isa = PBXBuildFile; fileRef = A00000000000000000000013; };
		A00000000000000000000003 = {isa = PBXFileReference; explicitFileType = wrapper.application; includeInIndex = 0; path = SafeSetMac.app; sourceTree = BUILT_PRODUCTS_DIR; };
		A00000000000000000000004 = {isa = PBXGroup; children = (A00000000000000000000005, A00000000000000000000003); sourceTree = "<group>"; };
		A00000000000000000000005 = {isa = PBXGroup; children = (A00000000000000000000001, A00000000000000000000011, A00000000000000000000013); path = Sources; sourceTree = "<group>"; };
		A00000000000000000000006 = {isa = PBXSourcesBuildPhase; buildActionMask = 2147483647; files = (A00000000000000000000002, A00000000000000000000012, A00000000000000000000014); runOnlyForDeploymentPostprocessing = 0; };
		A00000000000000000000007 = {isa = PBXFrameworksBuildPhase; buildActionMask = 2147483647; files = (); runOnlyForDeploymentPostprocessing = 0; };
		A00000000000000000000008 = {isa = PBXResourcesBuildPhase; buildActionMask = 2147483647; files = (); runOnlyForDeploymentPostprocessing = 0; };
		A00000000000000000000009 = {isa = PBXNativeTarget; buildConfigurationList = A0000000000000000000000A; buildPhases = (A00000000000000000000006, A00000000000000000000007, A00000000000000000000008); buildRules = (); dependencies = (); name = SafeSetMac; productName = SafeSetMac; productReference = A00000000000000000000003; productType = "com.apple.product-type.application"; };
		A0000000000000000000000B = {isa = PBXProject; attributes = {BuildIndependentTargetsInParallel = 1; LastUpgradeCheck = 2700; TargetAttributes = {A00000000000000000000009 = {CreatedOnToolsVersion = 27.0; }; }; }; buildConfigurationList = A0000000000000000000000C; compatibilityVersion = "Xcode 14.0"; developmentRegion = en; hasScannedForEncodings = 0; knownRegions = (en, Base); mainGroup = A00000000000000000000004; productRefGroup = A00000000000000000000004; projectDirPath = ""; projectRoot = ""; targets = (A00000000000000000000009); };
		A0000000000000000000000A = {isa = XCConfigurationList; buildConfigurations = (A0000000000000000000000D, A0000000000000000000000E); defaultConfigurationIsVisible = 0; defaultConfigurationName = Release; };
		A0000000000000000000000C = {isa = XCConfigurationList; buildConfigurations = (A0000000000000000000000F, A00000000000000000000010); defaultConfigurationIsVisible = 0; defaultConfigurationName = Release; };
		A0000000000000000000000D = {isa = XCBuildConfiguration; buildSettings = {CODE_SIGNING_ALLOWED = NO; GENERATE_INFOPLIST_FILE = NO; INFOPLIST_FILE = Info.plist; MACOSX_DEPLOYMENT_TARGET = 14.0; PRODUCT_BUNDLE_IDENTIFIER = org.ozyjay.SafeSet; PRODUCT_NAME = SafeSetMac; SDKROOT = macosx; SWIFT_VERSION = 5.0; ARCHS = arm64; }; name = Debug; };
		A0000000000000000000000E = {isa = XCBuildConfiguration; buildSettings = {CODE_SIGNING_ALLOWED = NO; GENERATE_INFOPLIST_FILE = NO; INFOPLIST_FILE = Info.plist; MACOSX_DEPLOYMENT_TARGET = 14.0; PRODUCT_BUNDLE_IDENTIFIER = org.ozyjay.SafeSet; PRODUCT_NAME = SafeSetMac; SDKROOT = macosx; SWIFT_VERSION = 5.0; ARCHS = arm64; SWIFT_OPTIMIZATION_LEVEL = "-O"; }; name = Release; };
		A0000000000000000000000F = {isa = XCBuildConfiguration; buildSettings = {CLANG_ENABLE_MODULES = YES; MACOSX_DEPLOYMENT_TARGET = 14.0; SDKROOT = macosx; }; name = Debug; };
		A00000000000000000000010 = {isa = XCBuildConfiguration; buildSettings = {CLANG_ENABLE_MODULES = YES; MACOSX_DEPLOYMENT_TARGET = 14.0; SDKROOT = macosx; }; name = Release; };
	};
	rootObject = A0000000000000000000000B;
}
